# @generated - this file is auto-generated by `mise lock` https://mise.jdx.dev/dev-tools/mise-lock.html

[[tools."github:EmbarkStudios/cargo-about"]]
version = "0.8.4"
backend = "github:EmbarkStudios/cargo-about"

[tools."github:EmbarkStudios/cargo-about".options]
version_prefix = ""

[tools."github:EmbarkStudios/cargo-about"."platforms.linux-arm64"]
checksum = "sha256:33e0d54c0366308095fdb9101642d281b224131299e1c62001f43aa02bb3573e"
url = "https://github.com/EmbarkStudios/cargo-about/releases/download/0.8.4/cargo-about-0.8.4-aarch64-unknown-linux-musl.tar.gz"
url_api = "https://api.github.com/repos/EmbarkStudios/cargo-about/releases/assets/324268870"

[tools."github:EmbarkStudios/cargo-about"."platforms.linux-x64"]
checksum = "sha256:c7381aa0cdc41fc0ee662cec8daa260da7817ad8ddea04cd4ddad425460adf14"
url = "https://github.com/EmbarkStudios/cargo-about/releases/download/0.8.4/cargo-about-0.8.4-x86_64-unknown-linux-musl.tar.gz"
url_api = "https://api.github.com/repos/EmbarkStudios/cargo-about/releases/assets/324268787"

[tools."github:EmbarkStudios/cargo-about"."platforms.macos-arm64"]
checksum = "sha256:d5255ead3ac861a11c785bf19d4f70f16e59ac8b9519c312da61213d3d57351d"
url = "https://github.com/EmbarkStudios/cargo-about/releases/download/0.8.4/cargo-about-0.8.4-aarch64-apple-darwin.tar.gz"
url_api = "https://api.github.com/repos/EmbarkStudios/cargo-about/releases/assets/324268695"

[[tools."github:anchore/syft"]]
version = "1.42.3"
backend = "github:anchore/syft"

[tools."github:anchore/syft"."platforms.linux-arm64"]
checksum = "sha256:dc630590c953347789d08f8ebf57c7d8094db89100785fcd94b1cddeac791804"
url = "https://github.com/anchore/syft/releases/download/v1.42.3/syft_1.42.3_linux_arm64.tar.gz"
url_api = "https://api.github.com/repos/anchore/syft/releases/assets/377338310"

[tools."github:anchore/syft"."platforms.linux-x64"]
checksum = "sha256:0d6be741479eddd2c8644a288990c04f3df0d609bbc1599a005532a9dff63509"
url = "https://github.com/anchore/syft/releases/download/v1.42.3/syft_1.42.3_linux_amd64.tar.gz"
url_api = "https://api.github.com/repos/anchore/syft/releases/assets/377338300"

[tools."github:anchore/syft"."platforms.macos-arm64"]
checksum = "sha256:d71ee7db2be0fe2e96f679fd9d69ef04274cc86c8604707797080a21070b3f32"
url = "https://github.com/anchore/syft/releases/download/v1.42.3/syft_1.42.3_darwin_arm64.tar.gz"
url_api = "https://api.github.com/repos/anchore/syft/releases/assets/377338302"

[[tools."github:mozilla/sccache"]]
version = "0.14.0"
backend = "github:mozilla/sccache"

[tools."github:mozilla/sccache"."platforms.linux-arm64"]
checksum = "sha256:62a6c942c47c93333bc0174704800cef7edfa0416d08e1356c1d3e39f0b462f2"
url = "https://github.com/mozilla/sccache/releases/download/v0.14.0/sccache-v0.14.0-aarch64-unknown-linux-musl.tar.gz"
url_api = "https://api.github.com/repos/mozilla/sccache/releases/assets/353136010"

[tools."github:mozilla/sccache"."platforms.linux-x64"]
checksum = "sha256:8424b38cda4ecce616a1557d81328f3d7c96503a171eab79942fad618b42af44"
url = "https://github.com/mozilla/sccache/releases/download/v0.14.0/sccache-v0.14.0-x86_64-unknown-linux-musl.tar.gz"
url_api = "https://api.github.com/repos/mozilla/sccache/releases/assets/353136108"

[tools."github:mozilla/sccache"."platforms.macos-arm64"]
checksum = "sha256:a781e8018260ab128e7690d8497736fa231b6ca895d57131d5b5b966ca987594"
url = "https://github.com/mozilla/sccache/releases/download/v0.14.0/sccache-v0.14.0-aarch64-apple-darwin.tar.gz"
url_api = "https://api.github.com/repos/mozilla/sccache/releases/assets/353135984"

[[tools.helm]]
version = "4.1.4"
backend = "aqua:helm/helm"

[tools.helm."platforms.linux-arm64"]
checksum = "sha256:13d03672be289045d2ff00e4e345d61de1c6f21c1257a45955a30e8ae036d8f1"
url = "https://get.helm.sh/helm-v4.1.4-linux-arm64.tar.gz"

[tools.helm."platforms.linux-x64"]
checksum = "sha256:70b2c30a19da4db264dfd68c8a3664e05093a361cefd89572ffb36f8abfa3d09"
url = "https://get.helm.sh/helm-v4.1.4-linux-amd64.tar.gz"

[tools.helm."platforms.macos-arm64"]
checksum = "sha256:7c2eca678e8001fa863cdf8cbf6ac1b3799f9404a89eb55c08260ef5732e658d"
url = "https://get.helm.sh/helm-v4.1.4-darwin-arm64.tar.gz"

[[tools.kubectl]]
version = "1.35.1"
backend = "aqua:kubernetes/kubernetes/kubectl"

[tools.kubectl."platforms.linux-arm64"]
checksum = "sha256:706256e21a4e9192ee62d1a007ac0bfcff2b0b26e92cc7baad487a6a5d08ff82"
url = "https://dl.k8s.io/v1.35.1/bin/linux/arm64/kubectl"

[tools.kubectl."platforms.linux-x64"]
checksum = "sha256:36e2f4ac66259232341dd7866952d64a958846470f6a9a6a813b9117bd965207"
url = "https://dl.k8s.io/v1.35.1/bin/linux/amd64/kubectl"

[tools.kubectl."platforms.macos-arm64"]
checksum = "sha256:2b000dded317319b1ebca19c2bc70f772c7aaa0e8962fae2d987ba04dd1a1b50"
url = "https://dl.k8s.io/v1.35.1/bin/darwin/arm64/kubectl"

[[tools.node]]
version = "24.15.0"
backend = "core:node"

[tools.node."platforms.linux-arm64"]
checksum = "sha256:73afc234d558c24919875f51c2d1ea002a2ada4ea6f83601a383869fefa64eed"
url = "https://nodejs.org/dist/v24.15.0/node-v24.15.0-linux-arm64.tar.gz"

[tools.node."platforms.linux-x64"]
checksum = "sha256:44836872d9aec49f1e6b52a9a922872db9a2b02d235a616a5681b6a85fec8d89"
url = "https://nodejs.org/dist/v24.15.0/node-v24.15.0-linux-x64.tar.gz"

[tools.node."platforms.macos-arm64"]
checksum = "sha256:372331b969779ab5d15b949884fc6eaf88d5afe87bde8ba881d6400b9100ffc4"
url = "https://nodejs.org/dist/v24.15.0/node-v24.15.0-darwin-arm64.tar.gz"

[[tools.protoc]]
version = "29.6"
backend = "aqua:protocolbuffers/protobuf/protoc"

[tools.protoc."platforms.linux-arm64"]
checksum = "sha256:2594ff4fcae8cb57310d394d0961b236190ad9c5efbfdf1f597ea471d424fe79"
url = "https://github.com/protocolbuffers/protobuf/releases/download/v29.6/protoc-29.6-linux-aarch_64.zip"

[tools.protoc."platforms.linux-x64"]
checksum = "sha256:48785a926e73ffa3f68e2f22b14e7b849620c7a1d36809ac9249a5495e280323"
url = "https://github.com/protocolbuffers/protobuf/releases/download/v29.6/protoc-29.6-linux-x86_64.zip"

[tools.protoc."platforms.macos-arm64"]
checksum = "sha256:b9576b5fa1a1ef3fe13a8c91d9d8204b46545759bea5ae155cd6ba2ea4cdaeed"
url = "https://github.com/protocolbuffers/protobuf/releases/download/v29.6/protoc-29.6-osx-aarch_64.zip"

[[tools.python]]
version = "3.13.12"
backend = "core:python"

[tools.python.options]
precompiled_flavor = "install_only_stripped"

[tools.python."platforms.linux-arm64"]
checksum = "sha256:8abd16da242b56902a13ba1d6e3aaa0d6d19dfc71547f04e437f707fde179915"
url = "https://github.com/astral-sh/python-build-standalone/releases/download/20260324/cpython-3.13.12+20260324-aarch64-unknown-linux-gnu-install_only_stripped.tar.gz"
provenance = "github-attestations"

[tools.python."platforms.linux-x64"]
checksum = "sha256:91c8920a197c3f7c562612eb4537e18e0c52c1c918bb39912cbd0b1b3c154229"
url = "https://github.com/astral-sh/python-build-standalone/releases/download/20260324/cpython-3.13.12+20260324-x86_64-unknown-linux-gnu-install_only_stripped.tar.gz"
provenance = "github-attestations"

[tools.python."platforms.macos-arm64"]
checksum = "sha256:3de7059c87c0e7604e3e9397a547020c161f65c8d51d358e230d3a7d3a456aaa"
url = "https://github.com/astral-sh/python-build-standalone/releases/download/20260324/cpython-3.13.12+20260324-aarch64-apple-darwin-install_only_stripped.tar.gz"
provenance = "github-attestations"

[[tools.rust]]
version = "stable"
backend = "core:rust"

[[tools.uv]]
version = "0.10.2"
backend = "aqua:astral-sh/uv"

[tools.uv."platforms.linux-arm64"]
checksum = "sha256:685e47f8f88b6845a9fc2ca27c3d246c0f53af8c017daf8e98ac0a97fe20365b"
url = "https://github.com/astral-sh/uv/releases/download/0.10.2/uv-aarch64-unknown-linux-musl.tar.gz"
provenance = "github-attestations"

[tools.uv."platforms.linux-x64"]
checksum = "sha256:c162182ba7dd692794362d76dd183990d6e51553217954106da19bdb6ced211b"
url = "https://github.com/astral-sh/uv/releases/download/0.10.2/uv-x86_64-unknown-linux-musl.tar.gz"
provenance = "github-attestations"

[tools.uv."platforms.macos-arm64"]
checksum = "sha256:3828b2de196687f60e9d199aea8b504299629300831eea0935ff3fe339903d0a"
url = "https://github.com/astral-sh/uv/releases/download/0.10.2/uv-aarch64-apple-darwin.tar.gz"
provenance = "github-attestations"

[[tools.zig]]
version = "0.14.1"
backend = "core:zig"

[tools.zig."platforms.linux-arm64"]
checksum = "sha256:f7a654acc967864f7a050ddacfaa778c7504a0eca8d2b678839c21eea47c992b"
url = "https://ziglang.org/download/0.14.1/zig-aarch64-linux-0.14.1.tar.xz"

[tools.zig."platforms.linux-x64"]
checksum = "sha256:24aeeec8af16c381934a6cd7d95c807a8cb2cf7df9fa40d359aa884195c4716c"
url = "https://ziglang.org/download/0.14.1/zig-x86_64-linux-0.14.1.tar.xz"

[tools.zig."platforms.macos-arm64"]
checksum = "sha256:39f3dc5e79c22088ce878edc821dedb4ca5a1cd9f5ef915e9b3cc3053e8faefa"
url = "https://ziglang.org/download/0.14.1/zig-aarch64-macos-0.14.1.tar.xz"
