{
  "name": "OpenShell",
  "lockfileVersion": 3,
  "requires": true,
  "packages": {
    "": {
      "dependencies": {
        "@boundaryml/baml-darwin-arm64": "^0.220.0"
      }
    },
    "node_modules/@boundaryml/baml-darwin-arm64": {
      "version": "0.220.0",
      "resolved": "https://registry.npmjs.org/@boundaryml/baml-darwin-arm64/-/baml-darwin-arm64-0.220.0.tgz",
      "integrity": "sha512-HhiSDwVKcqfA+RU7HeJJMdQSZsMw/sSml90ekSwu9KHvrgu8PXrtuLxlsDQbIHcwTXKHdOGUhHSnpT8wj76RzQ==",
      "cpu": [
        "arm64"
      ],
      "license": "MIT",
      "os": [
        "darwin"
      ],
      "engines": {
        "node": ">= 10"
      }
    }
  }
}
